// !$*UTF8*$!
{
	archiveVersion = 1;
	classes = {
	};
	objectVersion = 46;
	objects = {

/* Begin PBXBuildFile section */
		2579E26719D019E70068F277 /* WeatherDifference.swift in Sources */ = {isa = PBXBuildFile; fileRef = 2579E26619D019E70068F277 /* WeatherDifference.swift */; };
		25B386C419CC8C50001C9D50 /* Prettyfier.swift in Sources */ = {isa = PBXBuildFile; fileRef = 25B386C319CC8C50001C9D50 /* Prettyfier.swift */; };
		25B386C619CC8C9C001C9D50 /* Constants.swift in Sources */ = {isa = PBXBuildFile; fileRef = 25B386C519CC8C9C001C9D50 /* Constants.swift */; };
		25B386C819CC9800001C9D50 /* Consieur.swift in Sources */ = {isa = PBXBuildFile; fileRef = 25B386C719CC9800001C9D50 /* Consieur.swift */; };
		25B386CA19CCA271001C9D50 /* MapKit.framework in Frameworks */ = {isa = PBXBuildFile; fileRef = 25B386C919CCA271001C9D50 /* MapKit.framework */; };
		25B386CC19CCAB7E001C9D50 /* Alamofire.framework in Frameworks */ = {isa = PBXBuildFile; fileRef = 25B386CB19CCAB7E001C9D50 /* Alamofire.framework */; };
		25B386CE19CCACAA001C9D50 /* Alamofire.framework in Copy Frameworks */ = {isa = PBXBuildFile; fileRef = 25B386CB19CCAB7E001C9D50 /* Alamofire.framework */; settings = {ATTRIBUTES = (CodeSignOnCopy, RemoveHeadersOnCopy, ); }; };
		25D3218C19C6277E0088A427 /* AppDelegate.swift in Sources */ = {isa = PBXBuildFile; fileRef = 25D3218B19C6277E0088A427 /* AppDelegate.swift */; };
		25D3219119C6277E0088A427 /* ViewController.swift in Sources */ = {isa = PBXBuildFile; fileRef = 25D3219019C6277E0088A427 /* ViewController.swift */; };
		25D3219419C6277E0088A427 /* Main.storyboard in Resources */ = {isa = PBXBuildFile; fileRef = 25D3219219C6277E0088A427 /* Main.storyboard */; };
		25D3219619C6277E0088A427 /* Images.xcassets in Resources */ = {isa = PBXBuildFile; fileRef = 25D3219519C6277E0088A427 /* Images.xcassets */; };
		25D3219919C6277E0088A427 /* LaunchScreen.xib in Resources */ = {isa = PBXBuildFile; fileRef = 25D3219719C6277E0088A427 /* LaunchScreen.xib */; };
		25D321A519C6277E0088A427 /* TypeweatherTests.swift in Sources */ = {isa = PBXBuildFile; fileRef = 25D321A419C6277E0088A427 /* TypeweatherTests.swift */; };
		25D321B219C628BE0088A427 /* Cardo-Bold.ttf in Resources */ = {isa = PBXBuildFile; fileRef = 25D321AF19C628BE0088A427 /* Cardo-Bold.ttf */; };
		25D321B319C628BE0088A427 /* Cardo-Italic.ttf in Resources */ = {isa = PBXBuildFile; fileRef = 25D321B019C628BE0088A427 /* Cardo-Italic.ttf */; };
		25D321B419C628BE0088A427 /* Cardo-Regular.ttf in Resources */ = {isa = PBXBuildFile; fileRef = 25D321B119C628BE0088A427 /* Cardo-Regular.ttf */; };
		25D321C219C62CD70088A427 /* WeatherManager.swift in Sources */ = {isa = PBXBuildFile; fileRef = 25D321C119C62CD70088A427 /* WeatherManager.swift */; };
		F6146EA7B5A84C448DA9BD66 /* libPods.a in Frameworks */ = {isa = PBXBuildFile; fileRef = C72F4B24ACAF4532A475355D /* libPods.a */; };
/* End PBXBuildFile section */

/* Begin PBXContainerItemProxy section */
		25D3219F19C6277E0088A427 /* PBXContainerItemProxy */ = {
			isa = PBXContainerItemProxy;
			containerPortal = 25D3217E19C6277E0088A427 /* Project object */;
			proxyType = 1;
			remoteGlobalIDString = 25D3218519C6277E0088A427;
			remoteInfo = Typeweather;
		};
/* End PBXContainerItemProxy section */

/* Begin PBXCopyFilesBuildPhase section */
		25B386CD19CCAC81001C9D50 /* Copy Frameworks */ = {
			isa = PBXCopyFilesBuildPhase;
			buildActionMask = 2147483647;
			dstPath = "";
			dstSubfolderSpec = 10;
			files = (
				25B386CE19CCACAA001C9D50 /* Alamofire.framework in Copy Frameworks */,
			);
			name = "Copy Frameworks";
			runOnlyForDeploymentPostprocessing = 0;
		};
/* End PBXCopyFilesBuildPhase section */

/* Begin PBXFileReference section */
		2579E26619D019E70068F277 /* WeatherDifference.swift */ = {isa = PBXFileReference; fileEncoding = 4; lastKnownFileType = sourcecode.swift; path = WeatherDifference.swift; sourceTree = "<group>"; };
		25B386C319CC8C50001C9D50 /* Prettyfier.swift */ = {isa = PBXFileReference; fileEncoding = 4; lastKnownFileType = sourcecode.swift; path = Prettyfier.swift; sourceTree = "<group>"; };
		25B386C519CC8C9C001C9D50 /* Constants.swift */ = {isa = PBXFileReference; fileEncoding = 4; lastKnownFileType = sourcecode.swift; path = Constants.swift; sourceTree = "<group>"; };
		25B386C719CC9800001C9D50 /* Consieur.swift */ = {isa = PBXFileReference; fileEncoding = 4; lastKnownFileType = sourcecode.swift; path = Consieur.swift; sourceTree = "<group>"; };
		25B386C919CCA271001C9D50 /* MapKit.framework */ = {isa = PBXFileReference; lastKnownFileType = wrapper.framework; name = MapKit.framework; path = System/Library/Frameworks/MapKit.framework; sourceTree = SDKROOT; };
		25B386CB19CCAB7E001C9D50 /* Alamofire.framework */ = {isa = PBXFileReference; lastKnownFileType = wrapper.framework; name = Alamofire.framework; path = "../../../../Library/Developer/Xcode/DerivedData/Typeweather-dvpgugebnnoqolgykqcfgbhpalmo/Build/Products/Debug-iphoneos/Alamofire.framework"; sourceTree = "<group>"; };
		25C73A7019C9E816008EED42 /* Playground.playground */ = {isa = PBXFileReference; lastKnownFileType = file.playground; path = Playground.playground; sourceTree = "<group>"; };
		25D3218619C6277E0088A427 /* Typeweather.app */ = {isa = PBXFileReference; explicitFileType = wrapper.application; includeInIndex = 0; path = Typeweather.app; sourceTree = BUILT_PRODUCTS_DIR; };
		25D3218A19C6277E0088A427 /* Info.plist */ = {isa = PBXFileReference; lastKnownFileType = text.plist.xml; path = Info.plist; sourceTree = "<group>"; };
		25D3218B19C6277E0088A427 /* AppDelegate.swift */ = {isa = PBXFileReference; lastKnownFileType = sourcecode.swift; path = AppDelegate.swift; sourceTree = "<group>"; };
		25D3219019C6277E0088A427 /* ViewController.swift */ = {isa = PBXFileReference; lastKnownFileType = sourcecode.swift; path = ViewController.swift; sourceTree = "<group>"; };
		25D3219319C6277E0088A427 /* Base */ = {isa = PBXFileReference; lastKnownFileType = file.storyboard; name = Base; path = Base.lproj/Main.storyboard; sourceTree = "<group>"; };
		25D3219519C6277E0088A427 /* Images.xcassets */ = {isa = PBXFileReference; lastKnownFileType = folder.assetcatalog; path = Images.xcassets; sourceTree = "<group>"; };
		25D3219819C6277E0088A427 /* Base */ = {isa = PBXFileReference; lastKnownFileType = file.xib; name = Base; path = Base.lproj/LaunchScreen.xib; sourceTree = "<group>"; };
		25D3219E19C6277E0088A427 /* TypeweatherTests.xctest */ = {isa = PBXFileReference; explicitFileType = wrapper.cfbundle; includeInIndex = 0; path = TypeweatherTests.xctest; sourceTree = BUILT_PRODUCTS_DIR; };
		25D321A319C6277E0088A427 /* Info.plist */ = {isa = PBXFileReference; lastKnownFileType = text.plist.xml; path = Info.plist; sourceTree = "<group>"; };
		25D321A419C6277E0088A427 /* TypeweatherTests.swift */ = {isa = PBXFileReference; lastKnownFileType = sourcecode.swift; path = TypeweatherTests.swift; sourceTree = "<group>"; };
		25D321AF19C628BE0088A427 /* Cardo-Bold.ttf */ = {isa = PBXFileReference; lastKnownFileType = file; path = "Cardo-Bold.ttf"; sourceTree = "<group>"; };
		25D321B019C628BE0088A427 /* Cardo-Italic.ttf */ = {isa = PBXFileReference; lastKnownFileType = file; path = "Cardo-Italic.ttf"; sourceTree = "<group>"; };
		25D321B119C628BE0088A427 /* Cardo-Regular.ttf */ = {isa = PBXFileReference; lastKnownFileType = file; path = "Cardo-Regular.ttf"; sourceTree = "<group>"; };
		25D321C119C62CD70088A427 /* WeatherManager.swift */ = {isa = PBXFileReference; fileEncoding = 4; lastKnownFileType = sourcecode.swift; path = WeatherManager.swift; sourceTree = "<group>"; };
		589B923A493D48CAB2812A06 /* Pods.xcconfig */ = {isa = PBXFileReference; includeInIndex = 1; lastKnownFileType = text.xcconfig; name = Pods.xcconfig; path = Pods/Pods.xcconfig; sourceTree = "<group>"; };
		C72F4B24ACAF4532A475355D /* libPods.a */ = {isa = PBXFileReference; explicitFileType = archive.ar; includeInIndex = 0; path = libPods.a; sourceTree = BUILT_PRODUCTS_DIR; };
/* End PBXFileReference section */

/* Begin PBXFrameworksBuildPhase section */
		25D3218319C6277E0088A427 /* Frameworks */ = {
			isa = PBXFrameworksBuildPhase;
			buildActionMask = 2147483647;
			files = (
				25B386CC19CCAB7E001C9D50 /* Alamofire.framework in Frameworks */,
				25B386CA19CCA271001C9D50 /* MapKit.framework in Frameworks */,
				F6146EA7B5A84C448DA9BD66 /* libPods.a in Frameworks */,
			);
			runOnlyForDeploymentPostprocessing = 0;
		};
		25D3219B19C6277E0088A427 /* Frameworks */ = {
			isa = PBXFrameworksBuildPhase;
			buildActionMask = 2147483647;
			files = (
			);
			runOnlyForDeploymentPostprocessing = 0;
		};
/* End PBXFrameworksBuildPhase section */

/* Begin PBXGroup section */
		25D3217D19C6277E0088A427 = {
			isa = PBXGroup;
			children = (
				25D3218819C6277E0088A427 /* Typeweather */,
				25D321A119C6277E0088A427 /* TypeweatherTests */,
				25D3218719C6277E0088A427 /* Products */,
				589B923A493D48CAB2812A06 /* Pods.xcconfig */,
				817E81091F9745F19730F92E /* Frameworks */,
			);
			sourceTree = "<group>";
		};
		25D3218719C6277E0088A427 /* Products */ = {
			isa = PBXGroup;
			children = (
				25D3218619C6277E0088A427 /* Typeweather.app */,
				25D3219E19C6277E0088A427 /* TypeweatherTests.xctest */,
			);
			name = Products;
			sourceTree = "<group>";
		};
		25D3218819C6277E0088A427 /* Typeweather */ = {
			isa = PBXGroup;
			children = (
				25D3218B19C6277E0088A427 /* AppDelegate.swift */,
				25D3219019C6277E0088A427 /* ViewController.swift */,
				25D321C119C62CD70088A427 /* WeatherManager.swift */,
				2579E26619D019E70068F277 /* WeatherDifference.swift */,
				25B386C319CC8C50001C9D50 /* Prettyfier.swift */,
				25B386C519CC8C9C001C9D50 /* Constants.swift */,
				25B386C719CC9800001C9D50 /* Consieur.swift */,
				25D3219219C6277E0088A427 /* Main.storyboard */,
				25D3219519C6277E0088A427 /* Images.xcassets */,
				25D3219719C6277E0088A427 /* LaunchScreen.xib */,
				25C73A7019C9E816008EED42 /* Playground.playground */,
				25D3218919C6277E0088A427 /* Supporting Files */,
				25D321AE19C628A00088A427 /* Fonts */,
			);
			path = Typeweather;
			sourceTree = "<group>";
		};
		25D3218919C6277E0088A427 /* Supporting Files */ = {
			isa = PBXGroup;
			children = (
				25D3218A19C6277E0088A427 /* Info.plist */,
			);
			name = "Supporting Files";
			sourceTree = "<group>";
		};
		25D321A119C6277E0088A427 /* TypeweatherTests */ = {
			isa = PBXGroup;
			children = (
				25D321A419C6277E0088A427 /* TypeweatherTests.swift */,
				25D321A219C6277E0088A427 /* Supporting Files */,
			);
			path = TypeweatherTests;
			sourceTree = "<group>";
		};
		25D321A219C6277E0088A427 /* Supporting Files */ = {
			isa = PBXGroup;
			children = (
				25D321A319C6277E0088A427 /* Info.plist */,
			);
			name = "Supporting Files";
			sourceTree = "<group>";
		};
		25D321AE19C628A00088A427 /* Fonts */ = {
			isa = PBXGroup;
			children = (
				25D321AF19C628BE0088A427 /* Cardo-Bold.ttf */,
				25D321B019C628BE0088A427 /* Cardo-Italic.ttf */,
				25D321B119C628BE0088A427 /* Cardo-Regular.ttf */,
			);
			name = Fonts;
			sourceTree = "<group>";
		};
		817E81091F9745F19730F92E /* Frameworks */ = {
			isa = PBXGroup;
			children = (
				25B386CB19CCAB7E001C9D50 /* Alamofire.framework */,
				25B386C919CCA271001C9D50 /* MapKit.framework */,
				C72F4B24ACAF4532A475355D /* libPods.a */,
			);
			name = Frameworks;
			sourceTree = "<group>";
		};
/* End PBXGroup section */

/* Begin PBXNativeTarget section */
		25D3218519C6277E0088A427 /* Typeweather */ = {
			isa = PBXNativeTarget;
			buildConfigurationList = 25D321A819C6277E0088A427 /* Build configuration list for PBXNativeTarget "Typeweather" */;
			buildPhases = (
				94F54B0CA7A048E3AAF1B941 /* Check Pods Manifest.lock */,
				25D3218219C6277E0088A427 /* Sources */,
				25D3218319C6277E0088A427 /* Frameworks */,
				25D3218419C6277E0088A427 /* Resources */,
				F00725A0F5614F44AAEF9874 /* Copy Pods Resources */,
				25B386CD19CCAC81001C9D50 /* Copy Frameworks */,
			);
			buildRules = (
			);
			dependencies = (
			);
			name = Typeweather;
			productName = Typeweather;
			productReference = 25D3218619C6277E0088A427 /* Typeweather.app */;
			productType = "com.apple.product-type.application";
		};
		25D3219D19C6277E0088A427 /* TypeweatherTests */ = {
			isa = PBXNativeTarget;
			buildConfigurationList = 25D321AB19C6277E0088A427 /* Build configuration list for PBXNativeTarget "TypeweatherTests" */;
			buildPhases = (
				25D3219A19C6277E0088A427 /* Sources */,
				25D3219B19C6277E0088A427 /* Frameworks */,
				25D3219C19C6277E0088A427 /* Resources */,
			);
			buildRules = (
			);
			dependencies = (
				25D321A019C6277E0088A427 /* PBXTargetDependency */,
			);
			name = TypeweatherTests;
			productName = TypeweatherTests;
			productReference = 25D3219E19C6277E0088A427 /* TypeweatherTests.xctest */;
			productType = "com.apple.product-type.bundle.unit-test";
		};
/* End PBXNativeTarget section */

/* Begin PBXProject section */
		25D3217E19C6277E0088A427 /* Project object */ = {
			isa = PBXProject;
			attributes = {
				LastUpgradeCheck = 0600;
				ORGANIZATIONNAME = "Jure Zove";
				TargetAttributes = {
					25D3218519C6277E0088A427 = {
						CreatedOnToolsVersion = 6.0;
						SystemCapabilities = {
							com.apple.BackgroundModes = {
								enabled = 1;
							};
						};
					};
					25D3219D19C6277E0088A427 = {
						CreatedOnToolsVersion = 6.0;
						TestTargetID = 25D3218519C6277E0088A427;
					};
				};
			};
			buildConfigurationList = 25D3218119C6277E0088A427 /* Build configuration list for PBXProject "Typeweather" */;
			compatibilityVersion = "Xcode 3.2";
			developmentRegion = English;
			hasScannedForEncodings = 0;
			knownRegions = (
				en,
				Base,
			);
			mainGroup = 25D3217D19C6277E0088A427;
			productRefGroup = 25D3218719C6277E0088A427 /* Products */;
			projectDirPath = "";
			projectRoot = "";
			targets = (
				25D3218519C6277E0088A427 /* Typeweather */,
				25D3219D19C6277E0088A427 /* TypeweatherTests */,
			);
		};
/* End PBXProject section */

/* Begin PBXResourcesBuildPhase section */
		25D3218419C6277E0088A427 /* Resources */ = {
			isa = PBXResourcesBuildPhase;
			buildActionMask = 2147483647;
			files = (
				25D3219419C6277E0088A427 /* Main.storyboard in Resources */,
				25D321B419C628BE0088A427 /* Cardo-Regular.ttf in Resources */,
				25D321B319C628BE0088A427 /* Cardo-Italic.ttf in Resources */,
				25D321B219C628BE0088A427 /* Cardo-Bold.ttf in Resources */,
				25D3219919C6277E0088A427 /* LaunchScreen.xib in Resources */,
				25D3219619C6277E0088A427 /* Images.xcassets in Resources */,
			);
			runOnlyForDeploymentPostprocessing = 0;
		};
		25D3219C19C6277E0088A427 /* Resources */ = {
			isa = PBXResourcesBuildPhase;
			buildActionMask = 2147483647;
			files = (
			);
			runOnlyForDeploymentPostprocessing = 0;
		};
/* End PBXResourcesBuildPhase section */

/* Begin PBXShellScriptBuildPhase section */
		94F54B0CA7A048E3AAF1B941 /* Check Pods Manifest.lock */ = {
			isa = PBXShellScriptBuildPhase;
			buildActionMask = 2147483647;
			files = (
			);
			inputPaths = (
			);
			name = "Check Pods Manifest.lock";
			outputPaths = (
			);
			runOnlyForDeploymentPostprocessing = 0;
			shellPath = /bin/sh;
			shellScript = "diff \"${PODS_ROOT}/../Podfile.lock\" \"${PODS_ROOT}/Manifest.lock\" > /dev/null\nif [[ $? != 0 ]] ; then\n    cat << EOM\nerror: The sandbox is not in sync with the Podfile.lock. Run 'pod install' or update your CocoaPods installation.\nEOM\n    exit 1\nfi\n";
			showEnvVarsInLog = 0;
		};
		F00725A0F5614F44AAEF9874 /* Copy Pods Resources */ = {
			isa = PBXShellScriptBuildPhase;
			buildActionMask = 2147483647;
			files = (
			);
			inputPaths = (
			);
			name = "Copy Pods Resources";
			outputPaths = (
			);
			runOnlyForDeploymentPostprocessing = 0;
			shellPath = /bin/sh;
			shellScript = "\"${SRCROOT}/Pods/Pods-resources.sh\"\n";
			showEnvVarsInLog = 0;
		};
/* End PBXShellScriptBuildPhase section */

/* Begin PBXSourcesBuildPhase section */
		25D3218219C6277E0088A427 /* Sources */ = {
			isa = PBXSourcesBuildPhase;
			buildActionMask = 2147483647;
			files = (
				25B386C619CC8C9C001C9D50 /* Constants.swift in Sources */,
				25D3219119C6277E0088A427 /* ViewController.swift in Sources */,
				25B386C419CC8C50001C9D50 /* Prettyfier.swift in Sources */,
				25B386C819CC9800001C9D50 /* Consieur.swift in Sources */,
				2579E26719D019E70068F277 /* WeatherDifference.swift in Sources */,
				25D321C219C62CD70088A427 /* WeatherManager.swift in Sources */,
				25D3218C19C6277E0088A427 /* AppDelegate.swift in Sources */,
			);
			runOnlyForDeploymentPostprocessing = 0;
		};
		25D3219A19C6277E0088A427 /* Sources */ = {
			isa = PBXSourcesBuildPhase;
			buildActionMask = 2147483647;
			files = (
				25D321A519C6277E0088A427 /* TypeweatherTests.swift in Sources */,
			);
			runOnlyForDeploymentPostprocessing = 0;
		};
/* End PBXSourcesBuildPhase section */

/* Begin PBXTargetDependency section */
		25D321A019C6277E0088A427 /* PBXTargetDependency */ = {
			isa = PBXTargetDependency;
			target = 25D3218519C6277E0088A427 /* Typeweather */;
			targetProxy = 25D3219F19C6277E0088A427 /* PBXContainerItemProxy */;
		};
/* End PBXTargetDependency section */

/* Begin PBXVariantGroup section */
		25D3219219C6277E0088A427 /* Main.storyboard */ = {
			isa = PBXVariantGroup;
			children = (
				25D3219319C6277E0088A427 /* Base */,
			);
			name = Main.storyboard;
			sourceTree = "<group>";
		};
		25D3219719C6277E0088A427 /* LaunchScreen.xib */ = {
			isa = PBXVariantGroup;
			children = (
				25D3219819C6277E0088A427 /* Base */,
			);
			name = LaunchScreen.xib;
			sourceTree = "<group>";
		};
/* End PBXVariantGroup section */

/* Begin XCBuildConfiguration section */
		25D321A619C6277E0088A427 /* Debug */ = {
			isa = XCBuildConfiguration;
			buildSettings = {
				ALWAYS_SEARCH_USER_PATHS = NO;
				CLANG_CXX_LANGUAGE_STANDARD = "gnu++0x";
				CLANG_CXX_LIBRARY = "libc++";
				CLANG_ENABLE_MODULES = YES;
				CLANG_ENABLE_OBJC_ARC = YES;
				CLANG_WARN_BOOL_CONVERSION = YES;
				CLANG_WARN_CONSTANT_CONVERSION = YES;
				CLANG_WARN_DIRECT_OBJC_ISA_USAGE = YES_ERROR;
				CLANG_WARN_EMPTY_BODY = YES;
				CLANG_WARN_ENUM_CONVERSION = YES;
				CLANG_WARN_INT_CONVERSION = YES;
				CLANG_WARN_OBJC_ROOT_CLASS = YES_ERROR;
				CLANG_WARN_UNREACHABLE_CODE = YES;
				CLANG_WARN__DUPLICATE_METHOD_MATCH = YES;
				"CODE_SIGN_IDENTITY[sdk=iphoneos*]" = "iPhone Developer";
				COPY_PHASE_STRIP = NO;
				ENABLE_STRICT_OBJC_MSGSEND = YES;
				GCC_C_LANGUAGE_STANDARD = gnu99;
				GCC_DYNAMIC_NO_PIC = NO;
				GCC_OPTIMIZATION_LEVEL = 0;
				GCC_PREPROCESSOR_DEFINITIONS = (
					"DEBUG=1",
					"$(inherited)",
				);
				GCC_SYMBOLS_PRIVATE_EXTERN = NO;
				GCC_WARN_64_TO_32_BIT_CONVERSION = YES;
				GCC_WARN_ABOUT_RETURN_TYPE = YES_ERROR;
				GCC_WARN_UNDECLARED_SELECTOR = YES;
				GCC_WARN_UNINITIALIZED_AUTOS = YES_AGGRESSIVE;
				GCC_WARN_UNUSED_FUNCTION = YES;
				GCC_WARN_UNUSED_VARIABLE = YES;
				IPHONEOS_DEPLOYMENT_TARGET = 8.0;
				MTL_ENABLE_DEBUG_INFO = YES;
				ONLY_ACTIVE_ARCH = YES;
				SDKROOT = iphoneos;
				SWIFT_OPTIMIZATION_LEVEL = "-Onone";
				TARGETED_DEVICE_FAMILY = "1,2";
			};
			name = Debug;
		};
		25D321A719C6277E0088A427 /* Release */ = {
			isa = XCBuildConfiguration;
			buildSettings = {
				ALWAYS_SEARCH_USER_PATHS = NO;
				CLANG_CXX_LANGUAGE_STANDARD = "gnu++0x";
				CLANG_CXX_LIBRARY = "libc++";
				CLANG_ENABLE_MODULES = YES;
				CLANG_ENABLE_OBJC_ARC = YES;
				CLANG_WARN_BOOL_CONVERSION = YES;
				CLANG_WARN_CONSTANT_CONVERSION = YES;
				CLANG_WARN_DIRECT_OBJC_ISA_USAGE = YES_ERROR;
				CLANG_WARN_EMPTY_BODY = YES;
				CLANG_WARN_ENUM_CONVERSION = YES;
				CLANG_WARN_INT_CONVERSION = YES;
				CLANG_WARN_OBJC_ROOT_CLASS = YES_ERROR;
				CLANG_WARN_UNREACHABLE_CODE = YES;
				CLANG_WARN__DUPLICATE_METHOD_MATCH = YES;
				"CODE_SIGN_IDENTITY[sdk=iphoneos*]" = "iPhone Developer";
				COPY_PHASE_STRIP = YES;
				ENABLE_NS_ASSERTIONS = NO;
				ENABLE_STRICT_OBJC_MSGSEND = YES;
				GCC_C_LANGUAGE_STANDARD = gnu99;
				GCC_WARN_64_TO_32_BIT_CONVERSION = YES;
				GCC_WARN_ABOUT_RETURN_TYPE = YES_ERROR;
				GCC_WARN_UNDECLARED_SELECTOR = YES;
				GCC_WARN_UNINITIALIZED_AUTOS = YES_AGGRESSIVE;
				GCC_WARN_UNUSED_FUNCTION = YES;
				GCC_WARN_UNUSED_VARIABLE = YES;
				IPHONEOS_DEPLOYMENT_TARGET = 8.0;
				MTL_ENABLE_DEBUG_INFO = NO;
				SDKROOT = iphoneos;
				TARGETED_DEVICE_FAMILY = "1,2";
				VALIDATE_PRODUCT = YES;
			};
			name = Release;
		};
		25D321A919C6277E0088A427 /* Debug */ = {
			isa = XCBuildConfiguration;
			baseConfigurationReference = 589B923A493D48CAB2812A06 /* Pods.xcconfig */;
			buildSettings = {
				ASSETCATALOG_COMPILER_APPICON_NAME = AppIcon;
				FRAMEWORK_SEARCH_PATHS = (
					"$(inherited)",
					"$(USER_LIBRARY_DIR)/Developer/Xcode/DerivedData/Typeweather-dvpgugebnnoqolgykqcfgbhpalmo/Build/Products/Debug-iphoneos",
				);
				INFOPLIST_FILE = Typeweather/Info.plist;
				LD_RUNPATH_SEARCH_PATHS = "$(inherited) @executable_path/Frameworks";
				PRODUCT_NAME = "$(TARGET_NAME)";
			};
			name = Debug;
		};
		25D321AA19C6277E0088A427 /* Release */ = {
			isa = XCBuildConfiguration;
			baseConfigurationReference = 589B923A493D48CAB2812A06 /* Pods.xcconfig */;
			buildSettings = {
				ASSETCATALOG_COMPILER_APPICON_NAME = AppIcon;
				FRAMEWORK_SEARCH_PATHS = (
					"$(inherited)",
					"$(USER_LIBRARY_DIR)/Developer/Xcode/DerivedData/Typeweather-dvpgugebnnoqolgykqcfgbhpalmo/Build/Products/Debug-iphoneos",
				);
				INFOPLIST_FILE = Typeweather/Info.plist;
				LD_RUNPATH_SEARCH_PATHS = "$(inherited) @executable_path/Frameworks";
				PRODUCT_NAME = "$(TARGET_NAME)";
			};
			name = Release;
		};
		25D321AC19C6277E0088A427 /* Debug */ = {
			isa = XCBuildConfiguration;
			buildSettings = {
				BUNDLE_LOADER = "$(TEST_HOST)";
				FRAMEWORK_SEARCH_PATHS = (
					"$(SDKROOT)/Developer/Library/Frameworks",
					"$(inherited)",
				);
				GCC_PREPROCESSOR_DEFINITIONS = (
					"DEBUG=1",
					"$(inherited)",
				);
				INFOPLIST_FILE = TypeweatherTests/Info.plist;
				LD_RUNPATH_SEARCH_PATHS = "$(inherited) @executable_path/Frameworks @loader_path/Frameworks";
				PRODUCT_NAME = "$(TARGET_NAME)";
				TEST_HOST = "$(BUILT_PRODUCTS_DIR)/Typeweather.app/Typeweather";
			};
			name = Debug;
		};
		25D321AD19C6277E0088A427 /* Release */ = {
			isa = XCBuildConfiguration;
			buildSettings = {
				BUNDLE_LOADER = "$(TEST_HOST)";
				FRAMEWORK_SEARCH_PATHS = (
					"$(SDKROOT)/Developer/Library/Frameworks",
					"$(inherited)",
				);
				INFOPLIST_FILE = TypeweatherTests/Info.plist;
				LD_RUNPATH_SEARCH_PATHS = "$(inherited) @executable_path/Frameworks @loader_path/Frameworks";
				PRODUCT_NAME = "$(TARGET_NAME)";
				TEST_HOST = "$(BUILT_PRODUCTS_DIR)/Typeweather.app/Typeweather";
			};
			name = Release;
		};
/* End XCBuildConfiguration section */

/* Begin XCConfigurationList section */
		25D3218119C6277E0088A427 /* Build configuration list for PBXProject "Typeweather" */ = {
			isa = XCConfigurationList;
			buildConfigurations = (
				25D321A619C6277E0088A427 /* Debug */,
				25D321A719C6277E0088A427 /* Release */,
			);
			defaultConfigurationIsVisible = 0;
			defaultConfigurationName = Release;
		};
		25D321A819C6277E0088A427 /* Build configuration list for PBXNativeTarget "Typeweather" */ = {
			isa = XCConfigurationList;
			buildConfigurations = (
				25D321A919C6277E0088A427 /* Debug */,
				25D321AA19C6277E0088A427 /* Release */,
			);
			defaultConfigurationIsVisible = 0;
			defaultConfigurationName = Release;
		};
		25D321AB19C6277E0088A427 /* Build configuration list for PBXNativeTarget "TypeweatherTests" */ = {
			isa = XCConfigurationList;
			buildConfigurations = (
				25D321AC19C6277E0088A427 /* Debug */,
				25D321AD19C6277E0088A427 /* Release */,
			);
			defaultConfigurationIsVisible = 0;
			defaultConfigurationName = Release;
		};
/* End XCConfigurationList section */
	};
	rootObject = 25D3217E19C6277E0088A427 /* Project object */;
}
